
Microsoft Visual Studio Solution File, Format Version 12.00
# Visual Studio Version 17
VisualStudioVersion = 17.8.34408.163
MinimumVisualStudioVersion = 10.0.40219.1
Project("{9A19103F-16F7-4668-BE54-9A1E7A4F7556}") = "ContactsManager.UI", "ContactsManager.UI\ContactsManager.UI.csproj", "{360E3C50-DCB5-412B-8920-CA040880A9A3}"
EndProject
Project("{2150E333-8FDC-42A3-9474-1A3956D46DE8}") = "src", "src", "{36B007E7-2CD9-4654-845A-C26301A0DB2B}"
EndProject
Project("{2150E333-8FDC-42A3-9474-1A3956D46DE8}") = "tests", "tests", "{4CBB77E7-C195-4ADB-8119-87F8F363821A}"
EndProject
Project("{9A19103F-16F7-4668-BE54-9A1E7A4F7556}") = "ContactsManager.Core", "ContactsManager.Core\ContactsManager.Core.csproj", "{98A2D4CA-B773-4E26-9AFF-AF16B6778B63}"
EndProject
Project("{9A19103F-16F7-4668-BE54-9A1E7A4F7556}") = "ContactsManager.Infrastructure", "ContactsManager.Infrastructure\ContactsManager.Infrastructure.csproj", "{FBC0ABF4-EB1A-4BA0-9A76-82F3323B4DDC}"
EndProject
Project("{FAE04EC0-301F-11D3-BF4B-00C04F79EFBC}") = "ContactsManager.ServiceTest", "ContactsManager.ServiceTest\ContactsManager.ServiceTest.csproj", "{D6944EAA-41A3-454E-A743-59375B518CC5}"
EndProject
Project("{FAE04EC0-301F-11D3-BF4B-00C04F79EFBC}") = "ContactsManager.ControllerTest", "ContactsManager.ControllerTest\ContactsManager.ControllerTest.csproj", "{A0E583B9-F849-44B0-9762-094F1ADA41A8}"
EndProject
Project("{FAE04EC0-301F-11D3-BF4B-00C04F79EFBC}") = "ContactsManager.IntegrationTest", "ContactsManager.IntegrationTest\ContactsManager.IntegrationTest.csproj", "{4611BF85-E94A-4A56-B200-3BBF2088FD61}"
EndProject
Global
	GlobalSection(SolutionConfigurationPlatforms) = preSolution
		Debug|Any CPU = Debug|Any CPU
		Release|Any CPU = Release|Any CPU
	EndGlobalSection
	GlobalSection(ProjectConfigurationPlatforms) = postSolution
		{360E3C50-DCB5-412B-8920-CA040880A9A3}.Debug|Any CPU.ActiveCfg = Debug|Any CPU
		{360E3C50-DCB5-412B-8920-CA040880A9A3}.Debug|Any CPU.Build.0 = Debug|Any CPU
		{360E3C50-DCB5-412B-8920-CA040880A9A3}.Release|Any CPU.ActiveCfg = Release|Any CPU
		{360E3C50-DCB5-412B-8920-CA040880A9A3}.Release|Any CPU.Build.0 = Release|Any CPU
		{98A2D4CA-B773-4E26-9AFF-AF16B6778B63}.Debug|Any CPU.ActiveCfg = Debug|Any CPU
		{98A2D4CA-B773-4E26-9AFF-AF16B6778B63}.Debug|Any CPU.Build.0 = Debug|Any CPU
		{98A2D4CA-B773-4E26-9AFF-AF16B6778B63}.Release|Any CPU.ActiveCfg = Release|Any CPU
		{98A2D4CA-B773-4E26-9AFF-AF16B6778B63}.Release|Any CPU.Build.0 = Release|Any CPU
		{FBC0ABF4-EB1A-4BA0-9A76-82F3323B4DDC}.Debug|Any CPU.ActiveCfg = Debug|Any CPU
		{FBC0ABF4-EB1A-4BA0-9A76-82F3323B4DDC}.Debug|Any CPU.Build.0 = Debug|Any CPU
		{FBC0ABF4-EB1A-4BA0-9A76-82F3323B4DDC}.Release|Any CPU.ActiveCfg = Release|Any CPU
		{FBC0ABF4-EB1A-4BA0-9A76-82F3323B4DDC}.Release|Any CPU.Build.0 = Release|Any CPU
		{D6944EAA-41A3-454E-A743-59375B518CC5}.Debug|Any CPU.ActiveCfg = Debug|Any CPU
		{D6944EAA-41A3-454E-A743-59375B518CC5}.Debug|Any CPU.Build.0 = Debug|Any CPU
		{D6944EAA-41A3-454E-A743-59375B518CC5}.Release|Any CPU.ActiveCfg = Release|Any CPU
		{D6944EAA-41A3-454E-A743-59375B518CC5}.Release|Any CPU.Build.0 = Release|Any CPU
		{A0E583B9-F849-44B0-9762-094F1ADA41A8}.Debug|Any CPU.ActiveCfg = Debug|Any CPU
		{A0E583B9-F849-44B0-9762-094F1ADA41A8}.Debug|Any CPU.Build.0 = Debug|Any CPU
		{A0E583B9-F849-44B0-9762-094F1ADA41A8}.Release|Any CPU.ActiveCfg = Release|Any CPU
		{A0E583B9-F849-44B0-9762-094F1ADA41A8}.Release|Any CPU.Build.0 = Release|Any CPU
		{4611BF85-E94A-4A56-B200-3BBF2088FD61}.Debug|Any CPU.ActiveCfg = Debug|Any CPU
		{4611BF85-E94A-4A56-B200-3BBF2088FD61}.Debug|Any CPU.Build.0 = Debug|Any CPU
		{4611BF85-E94A-4A56-B200-3BBF2088FD61}.Release|Any CPU.ActiveCfg = Release|Any CPU
		{4611BF85-E94A-4A56-B200-3BBF2088FD61}.Release|Any CPU.Build.0 = Release|Any CPU
	EndGlobalSection
	GlobalSection(SolutionProperties) = preSolution
		HideSolutionNode = FALSE
	EndGlobalSection
	GlobalSection(NestedProjects) = preSolution
		{360E3C50-DCB5-412B-8920-CA040880A9A3} = {36B007E7-2CD9-4654-845A-C26301A0DB2B}
		{98A2D4CA-B773-4E26-9AFF-AF16B6778B63} = {36B007E7-2CD9-4654-845A-C26301A0DB2B}
		{FBC0ABF4-EB1A-4BA0-9A76-82F3323B4DDC} = {36B007E7-2CD9-4654-845A-C26301A0DB2B}
		{D6944EAA-41A3-454E-A743-59375B518CC5} = {4CBB77E7-C195-4ADB-8119-87F8F363821A}
		{A0E583B9-F849-44B0-9762-094F1ADA41A8} = {4CBB77E7-C195-4ADB-8119-87F8F363821A}
		{4611BF85-E94A-4A56-B200-3BBF2088FD61} = {4CBB77E7-C195-4ADB-8119-87F8F363821A}
	EndGlobalSection
	GlobalSection(ExtensibilityGlobals) = postSolution
		SolutionGuid = {D708E8A7-B288-48A7-BF72-4EECD5CDF189}
	EndGlobalSection
EndGlobal
